{
  "requires": true,
  "lockfileVersion": 1,
  "dependencies": {
    "konva": {
      "version": "8.3.2",
      "resolved": "https://registry.npmjs.org/konva/-/konva-8.3.2.tgz",
      "integrity": "sha512-vWi51qFTFkEIp+HxMek1eH1fA1zFo0DPD3uqUez+v2gy/IfZF2eLu9DcEj7Exk532hxfHJi/2oZ0GQYHlhg/dQ=="
    }
  }
}
